
Microsoft Visual Studio Solution File, Format Version 12.00
# Visual Studio Version 16
VisualStudioVersion = 16.0.32428.217
MinimumVisualStudioVersion = 10.0.40219.1
Project("{FAE04EC0-301F-11D3-BF4B-00C04F79EFBC}") = "TestApplication", "TestApplication\TestApplication.csproj", "{AB78691A-6C82-44E2-B13A-1FF0647F0F46}"
EndProject
Global
	GlobalSection(SolutionConfigurationPlatforms) = preSolution
		Debug|Any CPU = Debug|Any CPU
		Release|Any CPU = Release|Any CPU
	EndGlobalSection
	GlobalSection(ProjectConfigurationPlatforms) = postSolution
		{AB78691A-6C82-44E2-B13A-1FF0647F0F46}.Debug|Any CPU.ActiveCfg = Debug|Any CPU
		{AB78691A-6C82-44E2-B13A-1FF0647F0F46}.Debug|Any CPU.Build.0 = Debug|Any CPU
		{AB78691A-6C82-44E2-B13A-1FF0647F0F46}.Release|Any CPU.ActiveCfg = Release|Any CPU
		{AB78691A-6C82-44E2-B13A-1FF0647F0F46}.Release|Any CPU.Build.0 = Release|Any CPU
	EndGlobalSection
	GlobalSection(SolutionProperties) = preSolution
		HideSolutionNode = FALSE
	EndGlobalSection
	GlobalSection(ExtensibilityGlobals) = postSolution
		SolutionGuid = {2E47EAA2-71F6-4339-B356-5AFEE1445BB0}
	EndGlobalSection
EndGlobal
